
Microsoft Visual Studio Solution File, Format Version 12.00
# Visual Studio Version 17
VisualStudioVersion = 17.7.34202.233
MinimumVisualStudioVersion = 10.0.40219.1
Project("{FAE04EC0-301F-11D3-BF4B-00C04F79EFBC}") = "practica #6 vsed", "practica #6 vsed.csproj", "{F4B1F6E9-C5CA-4137-A3C4-6FF30F8C0D6D}"
EndProject
Global
	GlobalSection(SolutionConfigurationPlatforms) = preSolution
		Debug|Any CPU = Debug|Any CPU
		Release|Any CPU = Release|Any CPU
	EndGlobalSection
	GlobalSection(ProjectConfigurationPlatforms) = postSolution
		{F4B1F6E9-C5CA-4137-A3C4-6FF30F8C0D6D}.Debug|Any CPU.ActiveCfg = Debug|Any CPU
		{F4B1F6E9-C5CA-4137-A3C4-6FF30F8C0D6D}.Debug|Any CPU.Build.0 = Debug|Any CPU
		{F4B1F6E9-C5CA-4137-A3C4-6FF30F8C0D6D}.Release|Any CPU.ActiveCfg = Release|Any CPU
		{F4B1F6E9-C5CA-4137-A3C4-6FF30F8C0D6D}.Release|Any CPU.Build.0 = Release|Any CPU
	EndGlobalSection
	GlobalSection(SolutionProperties) = preSolution
		HideSolutionNode = FALSE
	EndGlobalSection
	GlobalSection(ExtensibilityGlobals) = postSolution
		SolutionGuid = {4E42E2D1-C558-4E92-84BF-6F5A02650A4B}
	EndGlobalSection
EndGlobal
